
Microsoft Visual Studio Solution File, Format Version 12.00
# Visual Studio 15
VisualStudioVersion = 15.0.26124.0
MinimumVisualStudioVersion = 15.0.26124.0
Project("{FAE04EC0-301F-11D3-BF4B-00C04F79EFBC}") = "books-api", "BooksApi\books-api.csproj", "{CAF122A0-B820-4F7C-A864-27B500290FF5}"
EndProject
Project("{FAE04EC0-301F-11D3-BF4B-00C04F79EFBC}") = "books-api-test", "BooksApi.Test\books-api-test.csproj", "{9427959D-BE5B-42D4-A05E-87D6272C1502}"
EndProject
Global
	GlobalSection(SolutionConfigurationPlatforms) = preSolution
		Debug|Any CPU = Debug|Any CPU
		Debug|x64 = Debug|x64
		Debug|x86 = Debug|x86
		Release|Any CPU = Release|Any CPU
		Release|x64 = Release|x64
		Release|x86 = Release|x86
	EndGlobalSection
	GlobalSection(SolutionProperties) = preSolution
		HideSolutionNode = FALSE
	EndGlobalSection
	GlobalSection(ProjectConfigurationPlatforms) = postSolution
		{CAF122A0-B820-4F7C-A864-27B500290FF5}.Debug|Any CPU.ActiveCfg = Debug|Any CPU
		{CAF122A0-B820-4F7C-A864-27B500290FF5}.Debug|Any CPU.Build.0 = Debug|Any CPU
		{CAF122A0-B820-4F7C-A864-27B500290FF5}.Debug|x64.ActiveCfg = Debug|Any CPU
		{CAF122A0-B820-4F7C-A864-27B500290FF5}.Debug|x64.Build.0 = Debug|Any CPU
		{CAF122A0-B820-4F7C-A864-27B500290FF5}.Debug|x86.ActiveCfg = Debug|Any CPU
		{CAF122A0-B820-4F7C-A864-27B500290FF5}.Debug|x86.Build.0 = Debug|Any CPU
		{CAF122A0-B820-4F7C-A864-27B500290FF5}.Release|Any CPU.ActiveCfg = Release|Any CPU
		{CAF122A0-B820-4F7C-A864-27B500290FF5}.Release|Any CPU.Build.0 = Release|Any CPU
		{CAF122A0-B820-4F7C-A864-27B500290FF5}.Release|x64.ActiveCfg = Release|Any CPU
		{CAF122A0-B820-4F7C-A864-27B500290FF5}.Release|x64.Build.0 = Release|Any CPU
		{CAF122A0-B820-4F7C-A864-27B500290FF5}.Release|x86.ActiveCfg = Release|Any CPU
		{CAF122A0-B820-4F7C-A864-27B500290FF5}.Release|x86.Build.0 = Release|Any CPU
		{9427959D-BE5B-42D4-A05E-87D6272C1502}.Debug|Any CPU.ActiveCfg = Debug|Any CPU
		{9427959D-BE5B-42D4-A05E-87D6272C1502}.Debug|Any CPU.Build.0 = Debug|Any CPU
		{9427959D-BE5B-42D4-A05E-87D6272C1502}.Debug|x64.ActiveCfg = Debug|Any CPU
		{9427959D-BE5B-42D4-A05E-87D6272C1502}.Debug|x64.Build.0 = Debug|Any CPU
		{9427959D-BE5B-42D4-A05E-87D6272C1502}.Debug|x86.ActiveCfg = Debug|Any CPU
		{9427959D-BE5B-42D4-A05E-87D6272C1502}.Debug|x86.Build.0 = Debug|Any CPU
		{9427959D-BE5B-42D4-A05E-87D6272C1502}.Release|Any CPU.ActiveCfg = Release|Any CPU
		{9427959D-BE5B-42D4-A05E-87D6272C1502}.Release|Any CPU.Build.0 = Release|Any CPU
		{9427959D-BE5B-42D4-A05E-87D6272C1502}.Release|x64.ActiveCfg = Release|Any CPU
		{9427959D-BE5B-42D4-A05E-87D6272C1502}.Release|x64.Build.0 = Release|Any CPU
		{9427959D-BE5B-42D4-A05E-87D6272C1502}.Release|x86.ActiveCfg = Release|Any CPU
		{9427959D-BE5B-42D4-A05E-87D6272C1502}.Release|x86.Build.0 = Release|Any CPU
	EndGlobalSection
EndGlobal
